
Microsoft Visual Studio Solution File, Format Version 11.00
# Visual Studio 2010
Project("{FAE04EC0-301F-11D3-BF4B-00C04F79EFBC}") = "Weibo", "Weibo\Weibo.csproj", "{271F4CC8-7281-4CDC-9A7B-725F2C471E6D}"
EndProject
Global
	GlobalSection(SolutionConfigurationPlatforms) = preSolution
		Debug|Any CPU = Debug|Any CPU
		Release|Any CPU = Release|Any CPU
	EndGlobalSection
	GlobalSection(ProjectConfigurationPlatforms) = postSolution
		{271F4CC8-7281-4CDC-9A7B-725F2C471E6D}.Debug|Any CPU.ActiveCfg = Debug|Any CPU
		{271F4CC8-7281-4CDC-9A7B-725F2C471E6D}.Debug|Any CPU.Build.0 = Debug|Any CPU
		{271F4CC8-7281-4CDC-9A7B-725F2C471E6D}.Release|Any CPU.ActiveCfg = Release|Any CPU
		{271F4CC8-7281-4CDC-9A7B-725F2C471E6D}.Release|Any CPU.Build.0 = Release|Any CPU
	EndGlobalSection
	GlobalSection(SolutionProperties) = preSolution
		HideSolutionNode = FALSE
	EndGlobalSection
EndGlobal
